
Microsoft Visual Studio Solution File, Format Version 12.00
# Visual Studio Version 16
VisualStudioVersion = 16.0.29102.190
MinimumVisualStudioVersion = 10.0.40219.1
Project("{FAE04EC0-301F-11D3-BF4B-00C04F79EFBC}") = "CreudUsingReact", "CreudUsingReact\CreudUsingReact.csproj", "{EFC9A55E-CF27-4652-8253-BA83DAAE43FB}"
EndProject
Global
	GlobalSection(SolutionConfigurationPlatforms) = preSolution
		Debug|Any CPU = Debug|Any CPU
		Release|Any CPU = Release|Any CPU
	EndGlobalSection
	GlobalSection(ProjectConfigurationPlatforms) = postSolution
		{EFC9A55E-CF27-4652-8253-BA83DAAE43FB}.Debug|Any CPU.ActiveCfg = Debug|Any CPU
		{EFC9A55E-CF27-4652-8253-BA83DAAE43FB}.Debug|Any CPU.Build.0 = Debug|Any CPU
		{EFC9A55E-CF27-4652-8253-BA83DAAE43FB}.Release|Any CPU.ActiveCfg = Release|Any CPU
		{EFC9A55E-CF27-4652-8253-BA83DAAE43FB}.Release|Any CPU.Build.0 = Release|Any CPU
	EndGlobalSection
	GlobalSection(SolutionProperties) = preSolution
		HideSolutionNode = FALSE
	EndGlobalSection
	GlobalSection(ExtensibilityGlobals) = postSolution
		SolutionGuid = {B9413B26-9A12-487D-B33C-CD3502024D5F}
	EndGlobalSection
EndGlobal
